
Microsoft Visual Studio Solution File, Format Version 12.00
# Visual Studio Version 17
VisualStudioVersion = 17.7.34018.315
MinimumVisualStudioVersion = 10.0.40219.1
Project("{2150E333-8FDC-42A3-9474-1A3956D46DE8}") = "NominaProject", "NominaProject", "{76E8CED4-B365-4EC0-B9BB-D3A358F33A48}"
EndProject
Project("{2150E333-8FDC-42A3-9474-1A3956D46DE8}") = "Vista", "Vista", "{51DB95BA-5B5F-48EA-B32E-BF36D43675AC}"
EndProject
Project("{9A19103F-16F7-4668-BE54-9A1E7A4F7556}") = "UINomina", "UINomina\UINomina.csproj", "{4FAD8A82-2AA1-436C-9968-016AAEEB4E2E}"
EndProject
Project("{2150E333-8FDC-42A3-9474-1A3956D46DE8}") = "Modelo", "Modelo", "{5DE0EAA4-D43B-4018-A66C-5673BDE1F60F}"
EndProject
Project("{9A19103F-16F7-4668-BE54-9A1E7A4F7556}") = "Modelo", "Modelo\Modelo.csproj", "{78224F99-2D76-4461-9A4A-F801D8E8805B}"
EndProject
Project("{2150E333-8FDC-42A3-9474-1A3956D46DE8}") = "Controlador", "Controlador", "{AD905115-BABD-43F8-BC0A-FDA0DD98C150}"
EndProject
Project("{9A19103F-16F7-4668-BE54-9A1E7A4F7556}") = "Controladores", "Controladores\Controladores.csproj", "{7FB1D2BA-2F1E-4B5D-80BB-DC3857DF49D9}"
EndProject
Global
	GlobalSection(SolutionConfigurationPlatforms) = preSolution
		Debug|Any CPU = Debug|Any CPU
		Release|Any CPU = Release|Any CPU
	EndGlobalSection
	GlobalSection(ProjectConfigurationPlatforms) = postSolution
		{4FAD8A82-2AA1-436C-9968-016AAEEB4E2E}.Debug|Any CPU.ActiveCfg = Debug|Any CPU
		{4FAD8A82-2AA1-436C-9968-016AAEEB4E2E}.Debug|Any CPU.Build.0 = Debug|Any CPU
		{4FAD8A82-2AA1-436C-9968-016AAEEB4E2E}.Release|Any CPU.ActiveCfg = Release|Any CPU
		{4FAD8A82-2AA1-436C-9968-016AAEEB4E2E}.Release|Any CPU.Build.0 = Release|Any CPU
		{78224F99-2D76-4461-9A4A-F801D8E8805B}.Debug|Any CPU.ActiveCfg = Debug|Any CPU
		{78224F99-2D76-4461-9A4A-F801D8E8805B}.Debug|Any CPU.Build.0 = Debug|Any CPU
		{78224F99-2D76-4461-9A4A-F801D8E8805B}.Release|Any CPU.ActiveCfg = Release|Any CPU
		{78224F99-2D76-4461-9A4A-F801D8E8805B}.Release|Any CPU.Build.0 = Release|Any CPU
		{7FB1D2BA-2F1E-4B5D-80BB-DC3857DF49D9}.Debug|Any CPU.ActiveCfg = Debug|Any CPU
		{7FB1D2BA-2F1E-4B5D-80BB-DC3857DF49D9}.Debug|Any CPU.Build.0 = Debug|Any CPU
		{7FB1D2BA-2F1E-4B5D-80BB-DC3857DF49D9}.Release|Any CPU.ActiveCfg = Release|Any CPU
		{7FB1D2BA-2F1E-4B5D-80BB-DC3857DF49D9}.Release|Any CPU.Build.0 = Release|Any CPU
	EndGlobalSection
	GlobalSection(SolutionProperties) = preSolution
		HideSolutionNode = FALSE
	EndGlobalSection
	GlobalSection(NestedProjects) = preSolution
		{51DB95BA-5B5F-48EA-B32E-BF36D43675AC} = {76E8CED4-B365-4EC0-B9BB-D3A358F33A48}
		{4FAD8A82-2AA1-436C-9968-016AAEEB4E2E} = {51DB95BA-5B5F-48EA-B32E-BF36D43675AC}
		{5DE0EAA4-D43B-4018-A66C-5673BDE1F60F} = {76E8CED4-B365-4EC0-B9BB-D3A358F33A48}
		{78224F99-2D76-4461-9A4A-F801D8E8805B} = {5DE0EAA4-D43B-4018-A66C-5673BDE1F60F}
		{AD905115-BABD-43F8-BC0A-FDA0DD98C150} = {76E8CED4-B365-4EC0-B9BB-D3A358F33A48}
		{7FB1D2BA-2F1E-4B5D-80BB-DC3857DF49D9} = {AD905115-BABD-43F8-BC0A-FDA0DD98C150}
	EndGlobalSection
	GlobalSection(ExtensibilityGlobals) = postSolution
		SolutionGuid = {491708BF-9334-4A14-B149-6D827811CE90}
	EndGlobalSection
EndGlobal
